
Microsoft Visual Studio Solution File, Format Version 12.00
# Visual Studio Version 16
VisualStudioVersion = 16.0.29102.190
MinimumVisualStudioVersion = 10.0.40219.1
Project("{2150E333-8FDC-42A3-9474-1A3956D46DE8}") = "1. Solution Items", "1. Solution Items", "{D643D3C9-E36F-403E-A502-D84288B6154C}"
	ProjectSection(SolutionItems) = preProject
		.gitignore = .gitignore
		LICENSE = LICENSE
		README.md = README.md
		Riql.sln.DotSettings = Riql.sln.DotSettings
	EndProjectSection
EndProject
Project("{9A19103F-16F7-4668-BE54-9A1E7A4F7556}") = "Riql", "src\Riql\Riql.csproj", "{01ABBD32-D385-47F0-830A-E3793248009D}"
EndProject
Project("{FAE04EC0-301F-11D3-BF4B-00C04F79EFBC}") = "Riql.Tests", "tests\Riql.Tests\Riql.Tests.csproj", "{E4F91CD9-9F1F-45B0-83AC-4B552F893F32}"
EndProject
Global
	GlobalSection(SolutionConfigurationPlatforms) = preSolution
		Debug|Any CPU = Debug|Any CPU
		Release|Any CPU = Release|Any CPU
	EndGlobalSection
	GlobalSection(ProjectConfigurationPlatforms) = postSolution
		{01ABBD32-D385-47F0-830A-E3793248009D}.Debug|Any CPU.ActiveCfg = Debug|Any CPU
		{01ABBD32-D385-47F0-830A-E3793248009D}.Debug|Any CPU.Build.0 = Debug|Any CPU
		{01ABBD32-D385-47F0-830A-E3793248009D}.Release|Any CPU.ActiveCfg = Release|Any CPU
		{01ABBD32-D385-47F0-830A-E3793248009D}.Release|Any CPU.Build.0 = Release|Any CPU
		{E4F91CD9-9F1F-45B0-83AC-4B552F893F32}.Debug|Any CPU.ActiveCfg = Debug|Any CPU
		{E4F91CD9-9F1F-45B0-83AC-4B552F893F32}.Debug|Any CPU.Build.0 = Debug|Any CPU
		{E4F91CD9-9F1F-45B0-83AC-4B552F893F32}.Release|Any CPU.ActiveCfg = Release|Any CPU
		{E4F91CD9-9F1F-45B0-83AC-4B552F893F32}.Release|Any CPU.Build.0 = Release|Any CPU
	EndGlobalSection
	GlobalSection(SolutionProperties) = preSolution
		HideSolutionNode = FALSE
	EndGlobalSection
	GlobalSection(ExtensibilityGlobals) = postSolution
		SolutionGuid = {35731604-37C6-4CE0-9848-66CA76373774}
	EndGlobalSection
EndGlobal
